
Microsoft Visual Studio Solution File, Format Version 12.00
# Visual Studio Version 18
VisualStudioVersion = 18.0.11222.15
MinimumVisualStudioVersion = 10.0.40219.1
Project("{2150E333-8FDC-42A3-9474-1A3956D46DE8}") = "src", "src", "{827E0CD3-B72D-47B6-A68D-7590B98EB39B}"
EndProject
Project("{FAE04EC0-301F-11D3-BF4B-00C04F79EFBC}") = "AdvAsmPlanning.Domain", "src\AdvAsmPlanning.Domain\AdvAsmPlanning.Domain.csproj", "{EA144FEF-0D2B-4E3C-8C81-FC3510C9B406}"
EndProject
Project("{FAE04EC0-301F-11D3-BF4B-00C04F79EFBC}") = "AdvAsmPlanning.Infrastructure", "src\AdvAsmPlanning.Infrastructure\AdvAsmPlanning.Infrastructure.csproj", "{9D271524-EB48-4182-8AD9-88C6E2EF1DB6}"
EndProject
Project("{FAE04EC0-301F-11D3-BF4B-00C04F79EFBC}") = "AdvAsmPlanning.API", "src\AdvAsmPlanning.API\AdvAsmPlanning.API.csproj", "{332C1947-C692-49BF-8CA7-86ED3BBF578D}"
EndProject
Project("{FAE04EC0-301F-11D3-BF4B-00C04F79EFBC}") = "AdvAsmPlanning.Client", "src\AdvAsmPlanning.Client\AdvAsmPlanning.Client.csproj", "{1E4F53EF-0778-4ABB-8F45-9A4D2BE9BF0D}"
EndProject
Project("{FAE04EC0-301F-11D3-BF4B-00C04F79EFBC}") = "AdvAsmPlanning.Application", "src\AdvAsmPlanning.Application\AdvAsmPlanning.Application.csproj", "{5BDAB160-5258-45DA-1CDF-4BFCF367E785}"
EndProject
Global
	GlobalSection(SolutionConfigurationPlatforms) = preSolution
		Debug|Any CPU = Debug|Any CPU
		Debug|x64 = Debug|x64
		Debug|x86 = Debug|x86
		Release|Any CPU = Release|Any CPU
		Release|x64 = Release|x64
		Release|x86 = Release|x86
	EndGlobalSection
	GlobalSection(ProjectConfigurationPlatforms) = postSolution
		{EA144FEF-0D2B-4E3C-8C81-FC3510C9B406}.Debug|Any CPU.ActiveCfg = Debug|Any CPU
		{EA144FEF-0D2B-4E3C-8C81-FC3510C9B406}.Debug|Any CPU.Build.0 = Debug|Any CPU
		{EA144FEF-0D2B-4E3C-8C81-FC3510C9B406}.Debug|x64.ActiveCfg = Debug|Any CPU
		{EA144FEF-0D2B-4E3C-8C81-FC3510C9B406}.Debug|x64.Build.0 = Debug|Any CPU
		{EA144FEF-0D2B-4E3C-8C81-FC3510C9B406}.Debug|x86.ActiveCfg = Debug|Any CPU
		{EA144FEF-0D2B-4E3C-8C81-FC3510C9B406}.Debug|x86.Build.0 = Debug|Any CPU
		{EA144FEF-0D2B-4E3C-8C81-FC3510C9B406}.Release|Any CPU.ActiveCfg = Release|Any CPU
		{EA144FEF-0D2B-4E3C-8C81-FC3510C9B406}.Release|Any CPU.Build.0 = Release|Any CPU
		{EA144FEF-0D2B-4E3C-8C81-FC3510C9B406}.Release|x64.ActiveCfg = Release|Any CPU
		{EA144FEF-0D2B-4E3C-8C81-FC3510C9B406}.Release|x64.Build.0 = Release|Any CPU
		{EA144FEF-0D2B-4E3C-8C81-FC3510C9B406}.Release|x86.ActiveCfg = Release|Any CPU
		{EA144FEF-0D2B-4E3C-8C81-FC3510C9B406}.Release|x86.Build.0 = Release|Any CPU
		{9D271524-EB48-4182-8AD9-88C6E2EF1DB6}.Debug|Any CPU.ActiveCfg = Debug|Any CPU
		{9D271524-EB48-4182-8AD9-88C6E2EF1DB6}.Debug|Any CPU.Build.0 = Debug|Any CPU
		{9D271524-EB48-4182-8AD9-88C6E2EF1DB6}.Debug|x64.ActiveCfg = Debug|Any CPU
		{9D271524-EB48-4182-8AD9-88C6E2EF1DB6}.Debug|x64.Build.0 = Debug|Any CPU
		{9D271524-EB48-4182-8AD9-88C6E2EF1DB6}.Debug|x86.ActiveCfg = Debug|Any CPU
		{9D271524-EB48-4182-8AD9-88C6E2EF1DB6}.Debug|x86.Build.0 = Debug|Any CPU
		{9D271524-EB48-4182-8AD9-88C6E2EF1DB6}.Release|Any CPU.ActiveCfg = Release|Any CPU
		{9D271524-EB48-4182-8AD9-88C6E2EF1DB6}.Release|Any CPU.Build.0 = Release|Any CPU
		{9D271524-EB48-4182-8AD9-88C6E2EF1DB6}.Release|x64.ActiveCfg = Release|Any CPU
		{9D271524-EB48-4182-8AD9-88C6E2EF1DB6}.Release|x64.Build.0 = Release|Any CPU
		{9D271524-EB48-4182-8AD9-88C6E2EF1DB6}.Release|x86.ActiveCfg = Release|Any CPU
		{9D271524-EB48-4182-8AD9-88C6E2EF1DB6}.Release|x86.Build.0 = Release|Any CPU
		{332C1947-C692-49BF-8CA7-86ED3BBF578D}.Debug|Any CPU.ActiveCfg = Debug|Any CPU
		{332C1947-C692-49BF-8CA7-86ED3BBF578D}.Debug|Any CPU.Build.0 = Debug|Any CPU
		{332C1947-C692-49BF-8CA7-86ED3BBF578D}.Debug|x64.ActiveCfg = Debug|Any CPU
		{332C1947-C692-49BF-8CA7-86ED3BBF578D}.Debug|x64.Build.0 = Debug|Any CPU
		{332C1947-C692-49BF-8CA7-86ED3BBF578D}.Debug|x86.ActiveCfg = Debug|Any CPU
		{332C1947-C692-49BF-8CA7-86ED3BBF578D}.Debug|x86.Build.0 = Debug|Any CPU
		{332C1947-C692-49BF-8CA7-86ED3BBF578D}.Release|Any CPU.ActiveCfg = Release|Any CPU
		{332C1947-C692-49BF-8CA7-86ED3BBF578D}.Release|Any CPU.Build.0 = Release|Any CPU
		{332C1947-C692-49BF-8CA7-86ED3BBF578D}.Release|x64.ActiveCfg = Release|Any CPU
		{332C1947-C692-49BF-8CA7-86ED3BBF578D}.Release|x64.Build.0 = Release|Any CPU
		{332C1947-C692-49BF-8CA7-86ED3BBF578D}.Release|x86.ActiveCfg = Release|Any CPU
		{332C1947-C692-49BF-8CA7-86ED3BBF578D}.Release|x86.Build.0 = Release|Any CPU
		{1E4F53EF-0778-4ABB-8F45-9A4D2BE9BF0D}.Debug|Any CPU.ActiveCfg = Debug|Any CPU
		{1E4F53EF-0778-4ABB-8F45-9A4D2BE9BF0D}.Debug|Any CPU.Build.0 = Debug|Any CPU
		{1E4F53EF-0778-4ABB-8F45-9A4D2BE9BF0D}.Debug|x64.ActiveCfg = Debug|Any CPU
		{1E4F53EF-0778-4ABB-8F45-9A4D2BE9BF0D}.Debug|x64.Build.0 = Debug|Any CPU
		{1E4F53EF-0778-4ABB-8F45-9A4D2BE9BF0D}.Debug|x86.ActiveCfg = Debug|Any CPU
		{1E4F53EF-0778-4ABB-8F45-9A4D2BE9BF0D}.Debug|x86.Build.0 = Debug|Any CPU
		{1E4F53EF-0778-4ABB-8F45-9A4D2BE9BF0D}.Release|Any CPU.ActiveCfg = Release|Any CPU
		{1E4F53EF-0778-4ABB-8F45-9A4D2BE9BF0D}.Release|Any CPU.Build.0 = Release|Any CPU
		{1E4F53EF-0778-4ABB-8F45-9A4D2BE9BF0D}.Release|x64.ActiveCfg = Release|Any CPU
		{1E4F53EF-0778-4ABB-8F45-9A4D2BE9BF0D}.Release|x64.Build.0 = Release|Any CPU
		{1E4F53EF-0778-4ABB-8F45-9A4D2BE9BF0D}.Release|x86.ActiveCfg = Release|Any CPU
		{1E4F53EF-0778-4ABB-8F45-9A4D2BE9BF0D}.Release|x86.Build.0 = Release|Any CPU
		{5BDAB160-5258-45DA-1CDF-4BFCF367E785}.Debug|Any CPU.ActiveCfg = Debug|Any CPU
		{5BDAB160-5258-45DA-1CDF-4BFCF367E785}.Debug|Any CPU.Build.0 = Debug|Any CPU
		{5BDAB160-5258-45DA-1CDF-4BFCF367E785}.Debug|x64.ActiveCfg = Debug|Any CPU
		{5BDAB160-5258-45DA-1CDF-4BFCF367E785}.Debug|x64.Build.0 = Debug|Any CPU
		{5BDAB160-5258-45DA-1CDF-4BFCF367E785}.Debug|x86.ActiveCfg = Debug|Any CPU
		{5BDAB160-5258-45DA-1CDF-4BFCF367E785}.Debug|x86.Build.0 = Debug|Any CPU
		{5BDAB160-5258-45DA-1CDF-4BFCF367E785}.Release|Any CPU.ActiveCfg = Release|Any CPU
		{5BDAB160-5258-45DA-1CDF-4BFCF367E785}.Release|Any CPU.Build.0 = Release|Any CPU
		{5BDAB160-5258-45DA-1CDF-4BFCF367E785}.Release|x64.ActiveCfg = Release|Any CPU
		{5BDAB160-5258-45DA-1CDF-4BFCF367E785}.Release|x64.Build.0 = Release|Any CPU
		{5BDAB160-5258-45DA-1CDF-4BFCF367E785}.Release|x86.ActiveCfg = Release|Any CPU
		{5BDAB160-5258-45DA-1CDF-4BFCF367E785}.Release|x86.Build.0 = Release|Any CPU
	EndGlobalSection
	GlobalSection(SolutionProperties) = preSolution
		HideSolutionNode = FALSE
	EndGlobalSection
	GlobalSection(NestedProjects) = preSolution
		{EA144FEF-0D2B-4E3C-8C81-FC3510C9B406} = {827E0CD3-B72D-47B6-A68D-7590B98EB39B}
		{9D271524-EB48-4182-8AD9-88C6E2EF1DB6} = {827E0CD3-B72D-47B6-A68D-7590B98EB39B}
		{332C1947-C692-49BF-8CA7-86ED3BBF578D} = {827E0CD3-B72D-47B6-A68D-7590B98EB39B}
		{1E4F53EF-0778-4ABB-8F45-9A4D2BE9BF0D} = {827E0CD3-B72D-47B6-A68D-7590B98EB39B}
		{5BDAB160-5258-45DA-1CDF-4BFCF367E785} = {827E0CD3-B72D-47B6-A68D-7590B98EB39B}
	EndGlobalSection
	GlobalSection(ExtensibilityGlobals) = postSolution
		SolutionGuid = {B62FA3CC-CFCA-4DA3-8C5B-112C24E06663}
	EndGlobalSection
EndGlobal
